
Microsoft Visual Studio Solution File, Format Version 12.00
# Visual Studio Version 16
VisualStudioVersion = 16.0.30611.23
MinimumVisualStudioVersion = 10.0.40219.1
Project("{9092AA53-FB77-4645-B42D-1CCCA6BD08BD}") = "WixTraingingModule", "WixTraingingModule\WixTraingingModule.njsproj", "{C1D25D93-60BE-48F4-A3FE-876895D75D2C}"
EndProject
Global
	GlobalSection(SolutionConfigurationPlatforms) = preSolution
		Debug|Any CPU = Debug|Any CPU
		Release|Any CPU = Release|Any CPU
	EndGlobalSection
	GlobalSection(ProjectConfigurationPlatforms) = postSolution
		{C1D25D93-60BE-48F4-A3FE-876895D75D2C}.Debug|Any CPU.ActiveCfg = Debug|Any CPU
		{C1D25D93-60BE-48F4-A3FE-876895D75D2C}.Debug|Any CPU.Build.0 = Debug|Any CPU
		{C1D25D93-60BE-48F4-A3FE-876895D75D2C}.Release|Any CPU.ActiveCfg = Release|Any CPU
		{C1D25D93-60BE-48F4-A3FE-876895D75D2C}.Release|Any CPU.Build.0 = Release|Any CPU
	EndGlobalSection
	GlobalSection(SolutionProperties) = preSolution
		HideSolutionNode = FALSE
	EndGlobalSection
	GlobalSection(ExtensibilityGlobals) = postSolution
		SolutionGuid = {822C341D-EF76-445A-B829-9CB4C86C994A}
	EndGlobalSection
EndGlobal
